{
  "version": 4,
  "terraform_version": "1.9.3",
  "serial": 16,
  "lineage": "c6d5e6be-7317-d73d-90a9-f985ec069100",
  "outputs": {
    "virtual_network_output": {
      "value": {
        "virtual_network_1": {
          "guid": "0823f741-ec43-431a-89ee-7916b3ed446b",
          "id": "/subscriptions/0b4ebadc-faf4-49e3-849d-2664dcca9ceb/resourceGroups/dev-rg/providers/Microsoft.Network/virtualNetworks/dev-vnet01",
          "location": "eastus",
          "name": "dev-vnet01",
          "resource_group_name": "dev-rg",
          "subnet": [
            {
              "address_prefixes": [
                "10.0.0.0/24"
              ],
              "default_outbound_access_enabled": true,
              "delegation": [],
              "id": "/subscriptions/0b4ebadc-faf4-49e3-849d-2664dcca9ceb/resourceGroups/dev-rg/providers/Microsoft.Network/virtualNetworks/dev-vnet01/subnets/dev-subnet01",
              "name": "dev-subnet01",
              "private_endpoint_network_policies": "Disabled",
              "private_link_service_network_policies_enabled": true,
              "route_table_id": "",
              "security_group": "",
              "service_endpoint_policy_ids": [],
              "service_endpoints": []
            }
          ],
          "virtual_network_address_space": [
            "10.0.0.0/16"
          ]
        }
      },
      "type": [
        "object",
        {
          "virtual_network_1": [
            "object",
            {
              "guid": "string",
              "id": "string",
              "location": "string",
              "name": "string",
              "resource_group_name": "string",
              "subnet": [
                "set",
                [
                  "object",
                  {
                    "address_prefixes": [
                      "list",
                      "string"
                    ],
                    "default_outbound_access_enabled": "bool",
                    "delegation": [
                      "list",
                      [
                        "object",
                        {
                          "name": "string",
                          "service_delegation": [
                            "list",
                            [
                              "object",
                              {
                                "actions": [
                                  "set",
                                  "string"
                                ],
                                "name": "string"
                              }
                            ]
                          ]
                        }
                      ]
                    ],
                    "id": "string",
                    "name": "string",
                    "private_endpoint_network_policies": "string",
                    "private_link_service_network_policies_enabled": "bool",
                    "route_table_id": "string",
                    "security_group": "string",
                    "service_endpoint_policy_ids": [
                      "set",
                      "string"
                    ],
                    "service_endpoints": [
                      "set",
                      "string"
                    ]
                  }
                ]
              ],
              "virtual_network_address_space": [
                "set",
                "string"
              ]
            }
          ]
        }
      ]
    }
  },
  "resources": [
    {
      "module": "module.network_security_group",
      "mode": "managed",
      "type": "azurerm_network_security_group",
      "name": "network_security_group",
      "provider": "module.network_security_group.provider[\"registry.terraform.io/hashicorp/azurerm\"]",
      "instances": [
        {
          "index_key": "network_security_group_1",
          "schema_version": 0,
          "attributes": {
            "id": "/subscriptions/0b4ebadc-faf4-49e3-849d-2664dcca9ceb/resourceGroups/dev-rg/providers/Microsoft.Network/networkSecurityGroups/dev-nsg1",
            "location": "eastus",
            "name": "dev-nsg1",
            "resource_group_name": "dev-rg",
            "security_rule": [
              {
                "access": "Allow",
                "description": "OutboundAllow100",
                "destination_address_prefix": "*",
                "destination_address_prefixes": [],
                "destination_application_security_group_ids": [],
                "destination_port_range": "*",
                "destination_port_ranges": [],
                "direction": "Outbound",
                "name": "TCP",
                "priority": 100,
                "protocol": "Tcp",
                "source_address_prefix": "*",
                "source_address_prefixes": [],
                "source_application_security_group_ids": [],
                "source_port_range": "*",
                "source_port_ranges": []
              },
              {
                "access": "Allow",
                "description": "WinRDPAllow",
                "destination_address_prefix": "*",
                "destination_address_prefixes": [],
                "destination_application_security_group_ids": [],
                "destination_port_range": "*",
                "destination_port_ranges": [],
                "direction": "Inbound",
                "name": "winrdp",
                "priority": 100,
                "protocol": "Tcp",
                "source_address_prefix": "*",
                "source_address_prefixes": [],
                "source_application_security_group_ids": [],
                "source_port_range": "3389",
                "source_port_ranges": []
              }
            ],
            "tags": {
              "Created_Time": "28-03-2025 12:39:59 UTC",
              "Department": "CIS",
              "Owner": "saikumar.thadepalli@neudesic.com"
            },
            "timeouts": null
          },
          "sensitive_attributes": [],
          "private": "eyJlMmJmYjczMC1lY2FhLTExZTYtOGY4OC0zNDM2M2JjN2M0YzAiOnsiY3JlYXRlIjoxODAwMDAwMDAwMDAwLCJkZWxldGUiOjE4MDAwMDAwMDAwMDAsInJlYWQiOjMwMDAwMDAwMDAwMCwidXBkYXRlIjoxODAwMDAwMDAwMDAwfX0=",
          "dependencies": [
            "module.network_security_group.data.azurerm_application_security_group.destination_asg_ids",
            "module.network_security_group.data.azurerm_application_security_group.source_asg_ids"
          ]
        }
      ]
    },
    {
      "module": "module.resource_group",
      "mode": "managed",
      "type": "azurerm_resource_group",
      "name": "resource_group",
      "provider": "module.resource_group.provider[\"registry.terraform.io/hashicorp/azurerm\"]",
      "instances": [
        {
          "index_key": "resource_group_1",
          "schema_version": 0,
          "attributes": {
            "id": "/subscriptions/0b4ebadc-faf4-49e3-849d-2664dcca9ceb/resourceGroups/dev-rg",
            "location": "eastus",
            "managed_by": "terraform",
            "name": "dev-rg",
            "tags": {
              "Created_Time": "28-03-2025 12:37:13 UTC",
              "Department": "CIS",
              "Owner": "saikumar.thadepalli@neudesic.com"
            },
            "timeouts": null
          },
          "sensitive_attributes": [],
          "private": "eyJlMmJmYjczMC1lY2FhLTExZTYtOGY4OC0zNDM2M2JjN2M0YzAiOnsiY3JlYXRlIjo1NDAwMDAwMDAwMDAwLCJkZWxldGUiOjU0MDAwMDAwMDAwMDAsInJlYWQiOjMwMDAwMDAwMDAwMCwidXBkYXRlIjo1NDAwMDAwMDAwMDAwfX0="
        }
      ]
    },
    {
      "module": "module.virtual_network",
      "mode": "managed",
      "type": "azurerm_subnet",
      "name": "subnet",
      "provider": "module.virtual_network.provider[\"registry.terraform.io/hashicorp/azurerm\"]",
      "instances": [
        {
          "index_key": "0:dev-subnet01",
          "schema_version": 0,
          "attributes": {
            "address_prefixes": [
              "10.0.0.0/24"
            ],
            "default_outbound_access_enabled": true,
            "delegation": [],
            "id": "/subscriptions/0b4ebadc-faf4-49e3-849d-2664dcca9ceb/resourceGroups/dev-rg/providers/Microsoft.Network/virtualNetworks/dev-vnet01/subnets/dev-subnet01",
            "name": "dev-subnet01",
            "private_endpoint_network_policies": "Disabled",
            "private_link_service_network_policies_enabled": true,
            "resource_group_name": "dev-rg",
            "service_endpoint_policy_ids": [],
            "service_endpoints": [],
            "timeouts": null,
            "virtual_network_name": "dev-vnet01"
          },
          "sensitive_attributes": [],
          "private": "eyJlMmJmYjczMC1lY2FhLTExZTYtOGY4OC0zNDM2M2JjN2M0YzAiOnsiY3JlYXRlIjoxODAwMDAwMDAwMDAwLCJkZWxldGUiOjE4MDAwMDAwMDAwMDAsInJlYWQiOjMwMDAwMDAwMDAwMCwidXBkYXRlIjoxODAwMDAwMDAwMDAwfX0=",
          "dependencies": [
            "module.virtual_network.azurerm_virtual_network.virtual_network"
          ]
        }
      ]
    },
    {
      "module": "module.virtual_network",
      "mode": "managed",
      "type": "azurerm_virtual_network",
      "name": "virtual_network",
      "provider": "module.virtual_network.provider[\"registry.terraform.io/hashicorp/azurerm\"]",
      "instances": [
        {
          "index_key": "virtual_network_1",
          "schema_version": 0,
          "attributes": {
            "address_space": [
              "10.0.0.0/16"
            ],
            "bgp_community": "",
            "ddos_protection_plan": [],
            "dns_servers": [
              "10.1.0.0"
            ],
            "edge_zone": "",
            "encryption": [],
            "flow_timeout_in_minutes": 5,
            "guid": "0823f741-ec43-431a-89ee-7916b3ed446b",
            "id": "/subscriptions/0b4ebadc-faf4-49e3-849d-2664dcca9ceb/resourceGroups/dev-rg/providers/Microsoft.Network/virtualNetworks/dev-vnet01",
            "location": "eastus",
            "name": "dev-vnet01",
            "resource_group_name": "dev-rg",
            "subnet": [
              {
                "address_prefixes": [
                  "10.0.0.0/24"
                ],
                "default_outbound_access_enabled": true,
                "delegation": [],
                "id": "/subscriptions/0b4ebadc-faf4-49e3-849d-2664dcca9ceb/resourceGroups/dev-rg/providers/Microsoft.Network/virtualNetworks/dev-vnet01/subnets/dev-subnet01",
                "name": "dev-subnet01",
                "private_endpoint_network_policies": "Disabled",
                "private_link_service_network_policies_enabled": true,
                "route_table_id": "",
                "security_group": "",
                "service_endpoint_policy_ids": [],
                "service_endpoints": []
              }
            ],
            "tags": {
              "Department": "CIS",
              "Owner": "saikumar.thadepalli@neudesic.com"
            },
            "timeouts": null
          },
          "sensitive_attributes": [],
          "private": "eyJlMmJmYjczMC1lY2FhLTExZTYtOGY4OC0zNDM2M2JjN2M0YzAiOnsiY3JlYXRlIjoxODAwMDAwMDAwMDAwLCJkZWxldGUiOjE4MDAwMDAwMDAwMDAsInJlYWQiOjMwMDAwMDAwMDAwMCwidXBkYXRlIjoxODAwMDAwMDAwMDAwfX0="
        }
      ]
    }
  ],
  "check_results": null
}
